
Microsoft Visual Studio Solution File, Format Version 12.00
# Visual Studio Version 17
VisualStudioVersion = 17.14.36408.4 d17.14
MinimumVisualStudioVersion = 10.0.40219.1
Project("{FAE04EC0-301F-11D3-BF4B-00C04F79EFBC}") = "atv-api-23-09", "atv-api-23-09.csproj", "{4546BAAC-6251-4CBC-A65A-F6C440FB0DFD}"
EndProject
Global
	GlobalSection(SolutionConfigurationPlatforms) = preSolution
		Debug|Any CPU = Debug|Any CPU
		Release|Any CPU = Release|Any CPU
	EndGlobalSection
	GlobalSection(ProjectConfigurationPlatforms) = postSolution
		{4546BAAC-6251-4CBC-A65A-F6C440FB0DFD}.Debug|Any CPU.ActiveCfg = Debug|Any CPU
		{4546BAAC-6251-4CBC-A65A-F6C440FB0DFD}.Debug|Any CPU.Build.0 = Debug|Any CPU
		{4546BAAC-6251-4CBC-A65A-F6C440FB0DFD}.Release|Any CPU.ActiveCfg = Release|Any CPU
		{4546BAAC-6251-4CBC-A65A-F6C440FB0DFD}.Release|Any CPU.Build.0 = Release|Any CPU
	EndGlobalSection
	GlobalSection(SolutionProperties) = preSolution
		HideSolutionNode = FALSE
	EndGlobalSection
	GlobalSection(ExtensibilityGlobals) = postSolution
		SolutionGuid = {380103CD-C284-4F80-9AE3-9B25C126EB53}
	EndGlobalSection
EndGlobal
